// !$*UTF8*$!
{
	archiveVersion = 1;
	classes = {
	};
	objectVersion = 56;
	objects = {

/* Begin PBXBuildFile section */
		A10000000000000000000001 /* FinderLauncherApp.swift in Sources */ = {isa = PBXBuildFile; fileRef = A20000000000000000000001 /* FinderLauncherApp.swift */; };
		A10000000000000000000002 /* FinderTargetResolver.swift in Sources */ = {isa = PBXBuildFile; fileRef = A20000000000000000000004 /* FinderTargetResolver.swift */; };
		A10000000000000000000003 /* SharedConfigurationStore.swift in Sources */ = {isa = PBXBuildFile; fileRef = A20000000000000000000005 /* SharedConfigurationStore.swift */; };
		A10000000000000000000004 /* FinderSync.swift in Sources */ = {isa = PBXBuildFile; fileRef = A20000000000000000000002 /* FinderSync.swift */; };
		A10000000000000000000005 /* FinderTargetResolver.swift in Sources */ = {isa = PBXBuildFile; fileRef = A20000000000000000000004 /* FinderTargetResolver.swift */; };
		A10000000000000000000006 /* FinderTargetResolverTests.swift in Sources */ = {isa = PBXBuildFile; fileRef = A20000000000000000000007 /* FinderTargetResolverTests.swift */; };
		A10000000000000000000007 /* FinderLauncherFinderExtension.appex in Embed App Extensions */ = {isa = PBXBuildFile; fileRef = A20000000000000000000009 /* FinderLauncherFinderExtension.appex */; settings = {ATTRIBUTES = (CodeSignOnCopy, RemoveHeadersOnCopy, ); }; };
		A10000000000000000000008 /* XCTest.framework in Frameworks */ = {isa = PBXBuildFile; fileRef = A20000000000000000000010 /* XCTest.framework */; };
		A10000000000000000000009 /* FinderTargetResolver.swift in Sources */ = {isa = PBXBuildFile; fileRef = A20000000000000000000004 /* FinderTargetResolver.swift */; };
		A1000000000000000000000A /* SharedConfigurationStore.swift in Sources */ = {isa = PBXBuildFile; fileRef = A20000000000000000000005 /* SharedConfigurationStore.swift */; };
		A1000000000000000000000B /* ApplicationLauncher.swift in Sources */ = {isa = PBXBuildFile; fileRef = A2000000000000000000000D /* ApplicationLauncher.swift */; };
		A1000000000000000000000C /* ApplicationLauncher.swift in Sources */ = {isa = PBXBuildFile; fileRef = A2000000000000000000000D /* ApplicationLauncher.swift */; };
		A1000000000000000000000D /* SharedConfigurationStore.swift in Sources */ = {isa = PBXBuildFile; fileRef = A20000000000000000000005 /* SharedConfigurationStore.swift */; };
		A1000000000000000000000E /* Assets.xcassets in Resources */ = {isa = PBXBuildFile; fileRef = A20000000000000000000013 /* Assets.xcassets */; };
/* End PBXBuildFile section */

/* Begin PBXContainerItemProxy section */
		A30000000000000000000001 /* PBXContainerItemProxy */ = {
			isa = PBXContainerItemProxy;
			containerPortal = A40000000000000000000001 /* Project object */;
			proxyType = 1;
			remoteGlobalIDString = A50000000000000000000002;
			remoteInfo = FinderLauncherFinderExtension;
		};
/* End PBXContainerItemProxy section */

/* Begin PBXCopyFilesBuildPhase section */
		A60000000000000000000001 /* Embed App Extensions */ = {
			isa = PBXCopyFilesBuildPhase;
			buildActionMask = 2147483647;
			dstPath = "";
			dstSubfolderSpec = 13;
			files = (
				A10000000000000000000007 /* FinderLauncherFinderExtension.appex in Embed App Extensions */,
			);
			name = "Embed App Extensions";
			runOnlyForDeploymentPostprocessing = 0;
		};
/* End PBXCopyFilesBuildPhase section */

/* Begin PBXFileReference section */
		A20000000000000000000001 /* FinderLauncherApp.swift */ = {isa = PBXFileReference; lastKnownFileType = sourcecode.swift; path = FinderLauncherApp.swift; sourceTree = "<group>"; };
		A20000000000000000000002 /* FinderSync.swift */ = {isa = PBXFileReference; lastKnownFileType = sourcecode.swift; path = FinderSync.swift; sourceTree = "<group>"; };
		A20000000000000000000003 /* Info.plist */ = {isa = PBXFileReference; lastKnownFileType = text.plist.xml; path = Info.plist; sourceTree = "<group>"; };
		A20000000000000000000004 /* FinderTargetResolver.swift */ = {isa = PBXFileReference; lastKnownFileType = sourcecode.swift; path = FinderTargetResolver.swift; sourceTree = "<group>"; };
		A20000000000000000000005 /* SharedConfigurationStore.swift */ = {isa = PBXFileReference; lastKnownFileType = sourcecode.swift; path = SharedConfigurationStore.swift; sourceTree = "<group>"; };
		A20000000000000000000006 /* FinderLauncherApp.entitlements */ = {isa = PBXFileReference; lastKnownFileType = text.plist.entitlements; path = FinderLauncherApp.entitlements; sourceTree = "<group>"; };
		A20000000000000000000007 /* FinderTargetResolverTests.swift */ = {isa = PBXFileReference; lastKnownFileType = sourcecode.swift; path = FinderTargetResolverTests.swift; sourceTree = "<group>"; };
		A20000000000000000000008 /* FinderLauncherFinderExtension.entitlements */ = {isa = PBXFileReference; lastKnownFileType = text.plist.entitlements; path = FinderLauncherFinderExtension.entitlements; sourceTree = "<group>"; };
		A20000000000000000000009 /* FinderLauncherFinderExtension.appex */ = {isa = PBXFileReference; explicitFileType = "wrapper.app-extension"; includeInIndex = 0; path = FinderLauncherFinderExtension.appex; sourceTree = BUILT_PRODUCTS_DIR; };
		A2000000000000000000000D /* ApplicationLauncher.swift */ = {isa = PBXFileReference; lastKnownFileType = sourcecode.swift; path = ApplicationLauncher.swift; sourceTree = "<group>"; };
		A2000000000000000000000E /* Info.plist */ = {isa = PBXFileReference; lastKnownFileType = text.plist.xml; path = Info.plist; sourceTree = "<group>"; };
		A20000000000000000000010 /* XCTest.framework */ = {isa = PBXFileReference; lastKnownFileType = wrapper.framework; name = XCTest.framework; path = Platforms/MacOSX.platform/Developer/Library/Frameworks/XCTest.framework; sourceTree = DEVELOPER_DIR; };
		A20000000000000000000011 /* FinderLauncher.app */ = {isa = PBXFileReference; explicitFileType = wrapper.application; includeInIndex = 0; path = FinderLauncher.app; sourceTree = BUILT_PRODUCTS_DIR; };
		A20000000000000000000012 /* FinderLauncherTests.xctest */ = {isa = PBXFileReference; explicitFileType = wrapper.cfbundle; includeInIndex = 0; path = FinderLauncherTests.xctest; sourceTree = BUILT_PRODUCTS_DIR; };
		A20000000000000000000013 /* Assets.xcassets */ = {isa = PBXFileReference; lastKnownFileType = folder.assetcatalog; path = Assets.xcassets; sourceTree = "<group>"; };
/* End PBXFileReference section */

/* Begin PBXFrameworksBuildPhase section */
		A70000000000000000000001 /* Frameworks */ = {
			isa = PBXFrameworksBuildPhase;
			buildActionMask = 2147483647;
			files = (
			);
			runOnlyForDeploymentPostprocessing = 0;
		};
		A70000000000000000000002 /* Frameworks */ = {
			isa = PBXFrameworksBuildPhase;
			buildActionMask = 2147483647;
			files = (
			);
			runOnlyForDeploymentPostprocessing = 0;
		};
		A70000000000000000000003 /* Frameworks */ = {
			isa = PBXFrameworksBuildPhase;
			buildActionMask = 2147483647;
			files = (
				A10000000000000000000008 /* XCTest.framework in Frameworks */,
			);
			runOnlyForDeploymentPostprocessing = 0;
		};
/* End PBXFrameworksBuildPhase section */

/* Begin PBXGroup section */
		60E16A6D3060280E00282D23 /* Recovered References */ = {
			isa = PBXGroup;
			children = (
				A20000000000000000000010 /* XCTest.framework */,
			);
			name = "Recovered References";
			sourceTree = "<group>";
		};
		A80000000000000000000001 = {
			isa = PBXGroup;
			children = (
				A80000000000000000000002 /* FinderLauncherApp */,
				A80000000000000000000003 /* FinderLauncherFinderExtension */,
				A80000000000000000000004 /* FinderLauncherShared */,
				A80000000000000000000005 /* FinderLauncherTests */,
				A80000000000000000000006 /* Products */,
				60E16A6D3060280E00282D23 /* Recovered References */,
			);
			sourceTree = "<group>";
		};
		A80000000000000000000002 /* FinderLauncherApp */ = {
			isa = PBXGroup;
			children = (
				A20000000000000000000001 /* FinderLauncherApp.swift */,
				A2000000000000000000000E /* Info.plist */,
				A20000000000000000000006 /* FinderLauncherApp.entitlements */,
				A20000000000000000000013 /* Assets.xcassets */,
			);
			path = FinderLauncherApp;
			sourceTree = "<group>";
		};
		A80000000000000000000003 /* FinderLauncherFinderExtension */ = {
			isa = PBXGroup;
			children = (
				A20000000000000000000002 /* FinderSync.swift */,
				A20000000000000000000003 /* Info.plist */,
				A20000000000000000000008 /* FinderLauncherFinderExtension.entitlements */,
			);
			path = FinderLauncherFinderExtension;
			sourceTree = "<group>";
		};
		A80000000000000000000004 /* FinderLauncherShared */ = {
			isa = PBXGroup;
			children = (
				A20000000000000000000004 /* FinderTargetResolver.swift */,
				A20000000000000000000005 /* SharedConfigurationStore.swift */,
				A2000000000000000000000D /* ApplicationLauncher.swift */,
			);
			path = FinderLauncherShared;
			sourceTree = "<group>";
		};
		A80000000000000000000005 /* FinderLauncherTests */ = {
			isa = PBXGroup;
			children = (
				A20000000000000000000007 /* FinderTargetResolverTests.swift */,
			);
			path = FinderLauncherTests;
			sourceTree = "<group>";
		};
		A80000000000000000000006 /* Products */ = {
			isa = PBXGroup;
			children = (
				A20000000000000000000011 /* FinderLauncher.app */,
				A20000000000000000000009 /* FinderLauncherFinderExtension.appex */,
				A20000000000000000000012 /* FinderLauncherTests.xctest */,
			);
			name = Products;
			sourceTree = "<group>";
		};
/* End PBXGroup section */

/* Begin PBXNativeTarget section */
		A50000000000000000000001 /* FinderLauncher */ = {
			isa = PBXNativeTarget;
			buildConfigurationList = A90000000000000000000002 /* Build configuration list for PBXNativeTarget "FinderLauncher" */;
			buildPhases = (
				AA0000000000000000000010 /* Sources */,
				A70000000000000000000001 /* Frameworks */,
				AB0000000000000000000010 /* Resources */,
				A60000000000000000000001 /* Embed App Extensions */,
			);
			buildRules = (
			);
			dependencies = (
				AD0000000000000000000010 /* PBXTargetDependency */,
			);
			name = FinderLauncher;
			productName = FinderLauncher;
			productReference = A20000000000000000000011 /* FinderLauncher.app */;
			productType = "com.apple.product-type.application";
		};
		A50000000000000000000002 /* FinderLauncherFinderExtension */ = {
			isa = PBXNativeTarget;
			buildConfigurationList = A90000000000000000000003 /* Build configuration list for PBXNativeTarget "FinderLauncherFinderExtension" */;
			buildPhases = (
				AA0000000000000000000020 /* Sources */,
				A70000000000000000000002 /* Frameworks */,
				AB0000000000000000000020 /* Resources */,
			);
			buildRules = (
			);
			dependencies = (
			);
			name = FinderLauncherFinderExtension;
			productName = FinderLauncherFinderExtension;
			productReference = A20000000000000000000009 /* FinderLauncherFinderExtension.appex */;
			productType = "com.apple.product-type.app-extension";
		};
		A50000000000000000000003 /* FinderLauncherTests */ = {
			isa = PBXNativeTarget;
			buildConfigurationList = A90000000000000000000004 /* Build configuration list for PBXNativeTarget "FinderLauncherTests" */;
			buildPhases = (
				AA0000000000000000000030 /* Sources */,
				A70000000000000000000003 /* Frameworks */,
				AB0000000000000000000030 /* Resources */,
			);
			buildRules = (
			);
			dependencies = (
			);
			name = FinderLauncherTests;
			productName = FinderLauncherTests;
			productReference = A20000000000000000000012 /* FinderLauncherTests.xctest */;
			productType = "com.apple.product-type.bundle.unit-test";
		};
/* End PBXNativeTarget section */

/* Begin PBXProject section */
		A40000000000000000000001 /* Project object */ = {
			isa = PBXProject;
			attributes = {
				BuildIndependentTargetsInParallel = 1;
				LastUpgradeCheck = 2700;
				TargetAttributes = {
					A50000000000000000000001 = {
						CreatedOnToolsVersion = 27.0;
					};
					A50000000000000000000002 = {
						CreatedOnToolsVersion = 27.0;
					};
					A50000000000000000000003 = {
						CreatedOnToolsVersion = 27.0;
					};
				};
			};
			buildConfigurationList = A90000000000000000000001 /* Build configuration list for PBXProject "FinderLauncher" */;
			compatibilityVersion = "Xcode 14.0";
			developmentRegion = en;
			hasScannedForEncodings = 0;
			knownRegions = (
				en,
				Base,
			);
			mainGroup = A80000000000000000000001;
			productRefGroup = A80000000000000000000006 /* Products */;
			projectDirPath = "";
			projectRoot = "";
			targets = (
				A50000000000000000000001 /* FinderLauncher */,
				A50000000000000000000002 /* FinderLauncherFinderExtension */,
				A50000000000000000000003 /* FinderLauncherTests */,
			);
		};
/* End PBXProject section */

/* Begin PBXResourcesBuildPhase section */
		AB0000000000000000000010 /* Resources */ = {
			isa = PBXResourcesBuildPhase;
			buildActionMask = 2147483647;
			files = (
				A1000000000000000000000E /* Assets.xcassets in Resources */,
			);
			runOnlyForDeploymentPostprocessing = 0;
		};
		AB0000000000000000000020 /* Resources */ = {
			isa = PBXResourcesBuildPhase;
			buildActionMask = 2147483647;
			files = (
			);
			runOnlyForDeploymentPostprocessing = 0;
		};
		AB0000000000000000000030 /* Resources */ = {
			isa = PBXResourcesBuildPhase;
			buildActionMask = 2147483647;
			files = (
			);
			runOnlyForDeploymentPostprocessing = 0;
		};
/* End PBXResourcesBuildPhase section */

/* Begin PBXSourcesBuildPhase section */
		AA0000000000000000000010 /* Sources */ = {
			isa = PBXSourcesBuildPhase;
			buildActionMask = 2147483647;
			files = (
				A10000000000000000000001 /* FinderLauncherApp.swift in Sources */,
				A10000000000000000000002 /* FinderTargetResolver.swift in Sources */,
				A10000000000000000000003 /* SharedConfigurationStore.swift in Sources */,
				A1000000000000000000000B /* ApplicationLauncher.swift in Sources */,
			);
			runOnlyForDeploymentPostprocessing = 0;
		};
		AA0000000000000000000020 /* Sources */ = {
			isa = PBXSourcesBuildPhase;
			buildActionMask = 2147483647;
			files = (
				A10000000000000000000004 /* FinderSync.swift in Sources */,
				A10000000000000000000009 /* FinderTargetResolver.swift in Sources */,
				A1000000000000000000000A /* SharedConfigurationStore.swift in Sources */,
				A1000000000000000000000C /* ApplicationLauncher.swift in Sources */,
			);
			runOnlyForDeploymentPostprocessing = 0;
		};
		AA0000000000000000000030 /* Sources */ = {
			isa = PBXSourcesBuildPhase;
			buildActionMask = 2147483647;
			files = (
				A10000000000000000000005 /* FinderTargetResolver.swift in Sources */,
				A1000000000000000000000D /* SharedConfigurationStore.swift in Sources */,
				A10000000000000000000006 /* FinderTargetResolverTests.swift in Sources */,
			);
			runOnlyForDeploymentPostprocessing = 0;
		};
/* End PBXSourcesBuildPhase section */

/* Begin PBXTargetDependency section */
		AD0000000000000000000010 /* PBXTargetDependency */ = {
			isa = PBXTargetDependency;
			target = A50000000000000000000002 /* FinderLauncherFinderExtension */;
			targetProxy = A30000000000000000000001 /* PBXContainerItemProxy */;
		};
/* End PBXTargetDependency section */

/* Begin XCBuildConfiguration section */
		AE0000000000000000000010 /* Debug */ = {
			isa = XCBuildConfiguration;
			buildSettings = {
				ALWAYS_SEARCH_USER_PATHS = NO;
				MACOSX_DEPLOYMENT_TARGET = 27.0;
				SDKROOT = macosx;
				SWIFT_VERSION = 6.0;
			};
			name = Debug;
		};
		AE0000000000000000000020 /* Release */ = {
			isa = XCBuildConfiguration;
			buildSettings = {
				ALWAYS_SEARCH_USER_PATHS = NO;
				MACOSX_DEPLOYMENT_TARGET = 27.0;
				SDKROOT = macosx;
				SWIFT_VERSION = 6.0;
			};
			name = Release;
		};
		AE0000000000000000000030 /* Debug */ = {
			isa = XCBuildConfiguration;
			buildSettings = {
				ASSETCATALOG_COMPILER_APPICON_NAME = macOS;
				ASSETCATALOG_COMPILER_INCLUDE_ALL_APPICON_ASSETS = NO;
				CODE_SIGN_ENTITLEMENTS = FinderLauncherApp/FinderLauncherApp.entitlements;
				"CODE_SIGN_IDENTITY[sdk=macosx*]" = "Apple Development";
				CODE_SIGN_STYLE = Automatic;
				CURRENT_PROJECT_VERSION = 1;
				GENERATE_INFOPLIST_FILE = NO;
				INFOPLIST_FILE = FinderLauncherApp/Info.plist;
				INFOPLIST_KEY_CFBundleDisplayName = "Finder Launcher";
				INFOPLIST_KEY_LSApplicationCategoryType = "public.app-category.utilities";
				LD_RUNPATH_SEARCH_PATHS = (
					"$(inherited)",
					"@executable_path/../Frameworks",
				);
				MARKETING_VERSION = 0.1;
				PRODUCT_BUNDLE_IDENTIFIER = com.tharrmeehan.FinderLauncher;
				PRODUCT_NAME = "$(TARGET_NAME)";
				SWIFT_VERSION = 6.0;
			};
			name = Debug;
		};
		AE0000000000000000000040 /* Release */ = {
			isa = XCBuildConfiguration;
			buildSettings = {
				ASSETCATALOG_COMPILER_APPICON_NAME = macOS;
				ASSETCATALOG_COMPILER_INCLUDE_ALL_APPICON_ASSETS = NO;
				CODE_SIGN_ENTITLEMENTS = FinderLauncherApp/FinderLauncherApp.entitlements;
				"CODE_SIGN_IDENTITY[sdk=macosx*]" = "Apple Development";
				CODE_SIGN_STYLE = Automatic;
				CURRENT_PROJECT_VERSION = 1;
				GENERATE_INFOPLIST_FILE = NO;
				INFOPLIST_FILE = FinderLauncherApp/Info.plist;
				INFOPLIST_KEY_CFBundleDisplayName = "Finder Launcher";
				INFOPLIST_KEY_LSApplicationCategoryType = "public.app-category.utilities";
				LD_RUNPATH_SEARCH_PATHS = (
					"$(inherited)",
					"@executable_path/../Frameworks",
				);
				MARKETING_VERSION = 0.1;
				PRODUCT_BUNDLE_IDENTIFIER = com.tharrmeehan.FinderLauncher;
				PRODUCT_NAME = "$(TARGET_NAME)";
				SWIFT_VERSION = 6.0;
			};
			name = Release;
		};
		AE0000000000000000000050 /* Debug */ = {
			isa = XCBuildConfiguration;
			buildSettings = {
				APPLICATION_EXTENSION_API_ONLY = YES;
				CODE_SIGN_ENTITLEMENTS = FinderLauncherFinderExtension/FinderLauncherFinderExtension.entitlements;
				"CODE_SIGN_IDENTITY[sdk=macosx*]" = "Apple Development";
				CODE_SIGN_STYLE = Automatic;
				CURRENT_PROJECT_VERSION = 1;
				INFOPLIST_FILE = FinderLauncherFinderExtension/Info.plist;
				LD_RUNPATH_SEARCH_PATHS = (
					"$(inherited)",
					"@executable_path/../Frameworks",
					"@executable_path/../../Frameworks",
				);
				MARKETING_VERSION = 0.1;
				PRODUCT_BUNDLE_IDENTIFIER = com.tharrmeehan.FinderLauncher.FinderExtension;
				PRODUCT_NAME = "$(TARGET_NAME)";
				SKIP_INSTALL = YES;
				SWIFT_VERSION = 6.0;
			};
			name = Debug;
		};
		AE0000000000000000000060 /* Release */ = {
			isa = XCBuildConfiguration;
			buildSettings = {
				APPLICATION_EXTENSION_API_ONLY = YES;
				CODE_SIGN_ENTITLEMENTS = FinderLauncherFinderExtension/FinderLauncherFinderExtension.entitlements;
				"CODE_SIGN_IDENTITY[sdk=macosx*]" = "Apple Development";
				CODE_SIGN_STYLE = Automatic;
				CURRENT_PROJECT_VERSION = 1;
				INFOPLIST_FILE = FinderLauncherFinderExtension/Info.plist;
				LD_RUNPATH_SEARCH_PATHS = (
					"$(inherited)",
					"@executable_path/../Frameworks",
					"@executable_path/../../Frameworks",
				);
				MARKETING_VERSION = 0.1;
				PRODUCT_BUNDLE_IDENTIFIER = com.tharrmeehan.FinderLauncher.FinderExtension;
				PRODUCT_NAME = "$(TARGET_NAME)";
				SKIP_INSTALL = YES;
				SWIFT_VERSION = 6.0;
			};
			name = Release;
		};
		AE0000000000000000000070 /* Debug */ = {
			isa = XCBuildConfiguration;
			buildSettings = {
				CODE_SIGN_STYLE = Automatic;
				GENERATE_INFOPLIST_FILE = YES;
				MACOSX_DEPLOYMENT_TARGET = 27.0;
				PRODUCT_BUNDLE_IDENTIFIER = com.tharrmeehan.FinderLauncherTests;
				PRODUCT_NAME = "$(TARGET_NAME)";
				SWIFT_VERSION = 6.0;
			};
			name = Debug;
		};
		AE0000000000000000000080 /* Release */ = {
			isa = XCBuildConfiguration;
			buildSettings = {
				CODE_SIGN_STYLE = Automatic;
				GENERATE_INFOPLIST_FILE = YES;
				MACOSX_DEPLOYMENT_TARGET = 27.0;
				PRODUCT_BUNDLE_IDENTIFIER = com.tharrmeehan.FinderLauncherTests;
				PRODUCT_NAME = "$(TARGET_NAME)";
				SWIFT_VERSION = 6.0;
			};
			name = Release;
		};
/* End XCBuildConfiguration section */

/* Begin XCConfigurationList section */
		A90000000000000000000001 /* Build configuration list for PBXProject "FinderLauncher" */ = {
			isa = XCConfigurationList;
			buildConfigurations = (
				AE0000000000000000000010 /* Debug */,
				AE0000000000000000000020 /* Release */,
			);
			defaultConfigurationIsVisible = 0;
			defaultConfigurationName = Release;
		};
		A90000000000000000000002 /* Build configuration list for PBXNativeTarget "FinderLauncher" */ = {
			isa = XCConfigurationList;
			buildConfigurations = (
				AE0000000000000000000030 /* Debug */,
				AE0000000000000000000040 /* Release */,
			);
			defaultConfigurationIsVisible = 0;
			defaultConfigurationName = Release;
		};
		A90000000000000000000003 /* Build configuration list for PBXNativeTarget "FinderLauncherFinderExtension" */ = {
			isa = XCConfigurationList;
			buildConfigurations = (
				AE0000000000000000000050 /* Debug */,
				AE0000000000000000000060 /* Release */,
			);
			defaultConfigurationIsVisible = 0;
			defaultConfigurationName = Release;
		};
		A90000000000000000000004 /* Build configuration list for PBXNativeTarget "FinderLauncherTests" */ = {
			isa = XCConfigurationList;
			buildConfigurations = (
				AE0000000000000000000070 /* Debug */,
				AE0000000000000000000080 /* Release */,
			);
			defaultConfigurationIsVisible = 0;
			defaultConfigurationName = Release;
		};
/* End XCConfigurationList section */
	};
	rootObject = A40000000000000000000001 /* Project object */;
}
